
Microsoft Visual Studio Solution File, Format Version 12.00
# Visual Studio Version 17
VisualStudioVersion = 17.8.34330.188
MinimumVisualStudioVersion = 10.0.40219.1
Project("{FAE04EC0-301F-11D3-BF4B-00C04F79EFBC}") = "exerciciolago", "exerciciolago\exerciciolago.csproj", "{DA4FCD95-1BD0-41DD-92D7-C7E30BDFDF9D}"
EndProject
Global
	GlobalSection(SolutionConfigurationPlatforms) = preSolution
		Debug|Any CPU = Debug|Any CPU
		Release|Any CPU = Release|Any CPU
	EndGlobalSection
	GlobalSection(ProjectConfigurationPlatforms) = postSolution
		{DA4FCD95-1BD0-41DD-92D7-C7E30BDFDF9D}.Debug|Any CPU.ActiveCfg = Debug|Any CPU
		{DA4FCD95-1BD0-41DD-92D7-C7E30BDFDF9D}.Debug|Any CPU.Build.0 = Debug|Any CPU
		{DA4FCD95-1BD0-41DD-92D7-C7E30BDFDF9D}.Release|Any CPU.ActiveCfg = Release|Any CPU
		{DA4FCD95-1BD0-41DD-92D7-C7E30BDFDF9D}.Release|Any CPU.Build.0 = Release|Any CPU
	EndGlobalSection
	GlobalSection(SolutionProperties) = preSolution
		HideSolutionNode = FALSE
	EndGlobalSection
	GlobalSection(ExtensibilityGlobals) = postSolution
		SolutionGuid = {80E6AA43-70E8-435C-A990-D27617734EFD}
	EndGlobalSection
EndGlobal
